
Microsoft Visual Studio Solution File, Format Version 12.00
# Visual Studio Version 17
VisualStudioVersion = 17.8.34601.278
MinimumVisualStudioVersion = 10.0.40219.1
Project("{FAE04EC0-301F-11D3-BF4B-00C04F79EFBC}") = "Assignment4AB", "Assignment4AB.csproj", "{90FF61F9-6BCD-4A4D-B1C2-0294A9666C0B}"
EndProject
Global
	GlobalSection(SolutionConfigurationPlatforms) = preSolution
		Debug|Any CPU = Debug|Any CPU
		Release|Any CPU = Release|Any CPU
	EndGlobalSection
	GlobalSection(ProjectConfigurationPlatforms) = postSolution
		{90FF61F9-6BCD-4A4D-B1C2-0294A9666C0B}.Debug|Any CPU.ActiveCfg = Debug|Any CPU
		{90FF61F9-6BCD-4A4D-B1C2-0294A9666C0B}.Debug|Any CPU.Build.0 = Debug|Any CPU
		{90FF61F9-6BCD-4A4D-B1C2-0294A9666C0B}.Release|Any CPU.ActiveCfg = Release|Any CPU
		{90FF61F9-6BCD-4A4D-B1C2-0294A9666C0B}.Release|Any CPU.Build.0 = Release|Any CPU
	EndGlobalSection
	GlobalSection(SolutionProperties) = preSolution
		HideSolutionNode = FALSE
	EndGlobalSection
	GlobalSection(ExtensibilityGlobals) = postSolution
		SolutionGuid = {B13DD788-7B91-4B1E-977A-DC6E4CA3082C}
	EndGlobalSection
EndGlobal
